<?xml version="1.0" encoding="utf-8"?>
<Project ToolsVersion="4.0" xmlns="http://schemas.microsoft.com/developer/msbuild/2003">
  <ItemGroup>
    <Filter Include="res">
      <UniqueIdentifier>{95325204-99c2-416d-83f1-d8221d98e321}</UniqueIdentifier>
    </Filter>
    <Filter Include="res\description">
      <UniqueIdentifier>{b39dae1b-2355-429a-8e7f-18196904d3fb}</UniqueIdentifier>
    </Filter>
    <Filter Include="res\strings_us">
      <UniqueIdentifier>{1bac93d8-8a3b-4443-b177-24f574b5d2b2}</UniqueIdentifier>
    </Filter>
    <Filter Include="source">
      <UniqueIdentifier>{771c4cc9-75ec-4383-bdb7-d53d3dbe25b9}</UniqueIdentifier>
    </Filter>
    <Filter Include="source\cinema4sdk">
      <UniqueIdentifier>{d71b0e19-7e35-4bdd-9c11-9be85a633e99}</UniqueIdentifier>
    </Filter>
    <Filter Include="source\cinema4sdk\starters">
      <UniqueIdentifier>{56ab65ff-9dbb-4fd7-8772-7b1ff1ec3f02}</UniqueIdentifier>
    </Filter>
    <Filter Include="source\cinema4sdk\starters\commands">
      <UniqueIdentifier>{1f76f1f4-3ae5-4cda-bcd8-ac4ca7f87eb3}</UniqueIdentifier>
    </Filter>
    <Filter Include="source\cinema4sdk\datatype">
      <UniqueIdentifier>{51bf991c-c363-417b-93f9-025162f90069}</UniqueIdentifier>
    </Filter>
  </ItemGroup>
  <ItemGroup>
    <ClCompile Include="..\..\source\cinema4dsdk\datatype\floatlist.cpp">
      <Filter>source\cinema4sdk\datatype</Filter>
    </ClCompile>
    <ClCompile Include="..\..\source\cinema4dsdk\starters\commands\create-cube.cpp">
      <Filter>source\cinema4sdk\starters\commands</Filter>
    </ClCompile>
    <ClCompile Include="..\..\source\cinema4dsdk\starters\commands\group-objects.cpp">
      <Filter>source\cinema4sdk\starters\commands</Filter>
    </ClCompile>
    <ClCompile Include="..\..\source\cinema4dsdk\starters\commands\iter-hierarchy.cpp">
      <Filter>source\cinema4sdk\starters\commands</Filter>
    </ClCompile>
    <ClCompile Include="..\..\source\cinema4dsdk\starters\commands\spheres-on-points.cpp">
      <Filter>source\cinema4sdk\starters\commands</Filter>
    </ClCompile>
    <ClCompile Include="..\..\source\cinema4dsdk\starters\starters.cpp">
      <Filter>source\cinema4sdk\starters</Filter>
    </ClCompile>
    <ClCompile Include="..\..\source\main.cpp">
      <Filter>source</Filter>
    </ClCompile>
  </ItemGroup>
  <ItemGroup>
    <None Include="..\..\cinema4dsdk\res\strings_us\c4d_strings.str">
      <Filter>res\strings_us</Filter>
    </None>
    <None Include="..\..\source\cinema4dsdk\datatype\floatlist.md">
      <Filter>source\cinema4sdk\datatype</Filter>
    </None>
    <None Include="..\..\source\cinema4dsdk\starters\README.md">
      <Filter>source\cinema4sdk\starters</Filter>
    </None>
  </ItemGroup>
  <ItemGroup>
    <ClInclude Include="..\..\cinema4dsdk\res\c4d_symbols.h">
      <Filter>res</Filter>
    </ClInclude>
    <ClInclude Include="..\..\source\cinema4dsdk\datatype\floatlist.h">
      <Filter>source\cinema4sdk\datatype</Filter>
    </ClInclude>
    <ClInclude Include="..\..\source\cinema4dsdk\stringutils.h">
      <Filter>source\cinema4sdk</Filter>
    </ClInclude>
  </ItemGroup>
  <ItemGroup>
    <Image Include="..\..\source\cinema4dsdk\datatype\floatlist.png">
      <Filter>source\cinema4sdk\datatype</Filter>
    </Image>
  </ItemGroup>
</Project>